
Microsoft Visual Studio Solution File, Format Version 12.00
# Visual Studio Version 17
VisualStudioVersion = 17.14.36705.20
MinimumVisualStudioVersion = 10.0.40219.1
Project("{2150E333-8FDC-42A3-9474-1A3956D46DE8}") = "Service", "Service", "{02EA681E-C7D8-13C7-8484-4AC65E1B71E8}"
EndProject
Project("{2150E333-8FDC-42A3-9474-1A3956D46DE8}") = "WebApp", "WebApp", "{AC89F422-1D6C-43EB-B3F6-33EA9D012CD2}"
EndProject
Project("{FAE04EC0-301F-11D3-BF4B-00C04F79EFBC}") = "DrugService", "DrugService\DrugService.csproj", "{51D72B31-F08C-4C65-A005-A8E34F24585B}"
EndProject
Project("{FAE04EC0-301F-11D3-BF4B-00C04F79EFBC}") = "InventoryService", "InventoryService\InventoryService.csproj", "{E94402B4-8C70-4CCA-94FF-46F58E3E62E2}"
EndProject
Project("{FAE04EC0-301F-11D3-BF4B-00C04F79EFBC}") = "CustomerService", "CustomerService\CustomerService.csproj", "{20E1B535-4994-47B8-A0FB-F437CA01467A}"
EndProject
Project("{FAE04EC0-301F-11D3-BF4B-00C04F79EFBC}") = "SupplierService", "SupplierService\SupplierService.csproj", "{32DBD37B-A693-460C-8E26-44D682FC236F}"
EndProject
Project("{FAE04EC0-301F-11D3-BF4B-00C04F79EFBC}") = "ReportingService", "ReportingService\ReportingService.csproj", "{491DF820-671C-40E2-BF05-25604BDACCBF}"
EndProject
Project("{FAE04EC0-301F-11D3-BF4B-00C04F79EFBC}") = "SaleService", "SaleService\SaleService.csproj", "{B9438ED8-0951-41E3-8136-A8F2DCC1475F}"
EndProject
Project("{FAE04EC0-301F-11D3-BF4B-00C04F79EFBC}") = "AuthService", "AuthService\AuthService.csproj", "{E360C9AD-4372-4E04-BA37-9A28A9C36E35}"
EndProject
Project("{FAE04EC0-301F-11D3-BF4B-00C04F79EFBC}") = "PharmaWebApp", "PharmaWebApp\PharmaWebApp.csproj", "{C11705B5-741B-4B36-88BF-18CD9338D1BA}"
EndProject
Project("{FAE04EC0-301F-11D3-BF4B-00C04F79EFBC}") = "Shared", "Shared\Shared.csproj", "{04B3A9DD-9DF1-4365-84FB-719D77B696D8}"
EndProject
Global
	GlobalSection(SolutionConfigurationPlatforms) = preSolution
		Debug|Any CPU = Debug|Any CPU
		Debug|x64 = Debug|x64
		Debug|x86 = Debug|x86
		Release|Any CPU = Release|Any CPU
		Release|x64 = Release|x64
		Release|x86 = Release|x86
	EndGlobalSection
	GlobalSection(ProjectConfigurationPlatforms) = postSolution
		{51D72B31-F08C-4C65-A005-A8E34F24585B}.Debug|Any CPU.ActiveCfg = Debug|Any CPU
		{51D72B31-F08C-4C65-A005-A8E34F24585B}.Debug|Any CPU.Build.0 = Debug|Any CPU
		{51D72B31-F08C-4C65-A005-A8E34F24585B}.Debug|x64.ActiveCfg = Debug|Any CPU
		{51D72B31-F08C-4C65-A005-A8E34F24585B}.Debug|x64.Build.0 = Debug|Any CPU
		{51D72B31-F08C-4C65-A005-A8E34F24585B}.Debug|x86.ActiveCfg = Debug|Any CPU
		{51D72B31-F08C-4C65-A005-A8E34F24585B}.Debug|x86.Build.0 = Debug|Any CPU
		{51D72B31-F08C-4C65-A005-A8E34F24585B}.Release|Any CPU.ActiveCfg = Release|Any CPU
		{51D72B31-F08C-4C65-A005-A8E34F24585B}.Release|Any CPU.Build.0 = Release|Any CPU
		{51D72B31-F08C-4C65-A005-A8E34F24585B}.Release|x64.ActiveCfg = Release|Any CPU
		{51D72B31-F08C-4C65-A005-A8E34F24585B}.Release|x64.Build.0 = Release|Any CPU
		{51D72B31-F08C-4C65-A005-A8E34F24585B}.Release|x86.ActiveCfg = Release|Any CPU
		{51D72B31-F08C-4C65-A005-A8E34F24585B}.Release|x86.Build.0 = Release|Any CPU
		{E94402B4-8C70-4CCA-94FF-46F58E3E62E2}.Debug|Any CPU.ActiveCfg = Debug|Any CPU
		{E94402B4-8C70-4CCA-94FF-46F58E3E62E2}.Debug|Any CPU.Build.0 = Debug|Any CPU
		{E94402B4-8C70-4CCA-94FF-46F58E3E62E2}.Debug|x64.ActiveCfg = Debug|Any CPU
		{E94402B4-8C70-4CCA-94FF-46F58E3E62E2}.Debug|x64.Build.0 = Debug|Any CPU
		{E94402B4-8C70-4CCA-94FF-46F58E3E62E2}.Debug|x86.ActiveCfg = Debug|Any CPU
		{E94402B4-8C70-4CCA-94FF-46F58E3E62E2}.Debug|x86.Build.0 = Debug|Any CPU
		{E94402B4-8C70-4CCA-94FF-46F58E3E62E2}.Release|Any CPU.ActiveCfg = Release|Any CPU
		{E94402B4-8C70-4CCA-94FF-46F58E3E62E2}.Release|Any CPU.Build.0 = Release|Any CPU
		{E94402B4-8C70-4CCA-94FF-46F58E3E62E2}.Release|x64.ActiveCfg = Release|Any CPU
		{E94402B4-8C70-4CCA-94FF-46F58E3E62E2}.Release|x64.Build.0 = Release|Any CPU
		{E94402B4-8C70-4CCA-94FF-46F58E3E62E2}.Release|x86.ActiveCfg = Release|Any CPU
		{E94402B4-8C70-4CCA-94FF-46F58E3E62E2}.Release|x86.Build.0 = Release|Any CPU
		{20E1B535-4994-47B8-A0FB-F437CA01467A}.Debug|Any CPU.ActiveCfg = Debug|Any CPU
		{20E1B535-4994-47B8-A0FB-F437CA01467A}.Debug|Any CPU.Build.0 = Debug|Any CPU
		{20E1B535-4994-47B8-A0FB-F437CA01467A}.Debug|x64.ActiveCfg = Debug|Any CPU
		{20E1B535-4994-47B8-A0FB-F437CA01467A}.Debug|x64.Build.0 = Debug|Any CPU
		{20E1B535-4994-47B8-A0FB-F437CA01467A}.Debug|x86.ActiveCfg = Debug|Any CPU
		{20E1B535-4994-47B8-A0FB-F437CA01467A}.Debug|x86.Build.0 = Debug|Any CPU
		{20E1B535-4994-47B8-A0FB-F437CA01467A}.Release|Any CPU.ActiveCfg = Release|Any CPU
		{20E1B535-4994-47B8-A0FB-F437CA01467A}.Release|Any CPU.Build.0 = Release|Any CPU
		{20E1B535-4994-47B8-A0FB-F437CA01467A}.Release|x64.ActiveCfg = Release|Any CPU
		{20E1B535-4994-47B8-A0FB-F437CA01467A}.Release|x64.Build.0 = Release|Any CPU
		{20E1B535-4994-47B8-A0FB-F437CA01467A}.Release|x86.ActiveCfg = Release|Any CPU
		{20E1B535-4994-47B8-A0FB-F437CA01467A}.Release|x86.Build.0 = Release|Any CPU
		{32DBD37B-A693-460C-8E26-44D682FC236F}.Debug|Any CPU.ActiveCfg = Debug|Any CPU
		{32DBD37B-A693-460C-8E26-44D682FC236F}.Debug|Any CPU.Build.0 = Debug|Any CPU
		{32DBD37B-A693-460C-8E26-44D682FC236F}.Debug|x64.ActiveCfg = Debug|Any CPU
		{32DBD37B-A693-460C-8E26-44D682FC236F}.Debug|x64.Build.0 = Debug|Any CPU
		{32DBD37B-A693-460C-8E26-44D682FC236F}.Debug|x86.ActiveCfg = Debug|Any CPU
		{32DBD37B-A693-460C-8E26-44D682FC236F}.Debug|x86.Build.0 = Debug|Any CPU
		{32DBD37B-A693-460C-8E26-44D682FC236F}.Release|Any CPU.ActiveCfg = Release|Any CPU
		{32DBD37B-A693-460C-8E26-44D682FC236F}.Release|Any CPU.Build.0 = Release|Any CPU
		{32DBD37B-A693-460C-8E26-44D682FC236F}.Release|x64.ActiveCfg = Release|Any CPU
		{32DBD37B-A693-460C-8E26-44D682FC236F}.Release|x64.Build.0 = Release|Any CPU
		{32DBD37B-A693-460C-8E26-44D682FC236F}.Release|x86.ActiveCfg = Release|Any CPU
		{32DBD37B-A693-460C-8E26-44D682FC236F}.Release|x86.Build.0 = Release|Any CPU
		{491DF820-671C-40E2-BF05-25604BDACCBF}.Debug|Any CPU.ActiveCfg = Debug|Any CPU
		{491DF820-671C-40E2-BF05-25604BDACCBF}.Debug|Any CPU.Build.0 = Debug|Any CPU
		{491DF820-671C-40E2-BF05-25604BDACCBF}.Debug|x64.ActiveCfg = Debug|Any CPU
		{491DF820-671C-40E2-BF05-25604BDACCBF}.Debug|x64.Build.0 = Debug|Any CPU
		{491DF820-671C-40E2-BF05-25604BDACCBF}.Debug|x86.ActiveCfg = Debug|Any CPU
		{491DF820-671C-40E2-BF05-25604BDACCBF}.Debug|x86.Build.0 = Debug|Any CPU
		{491DF820-671C-40E2-BF05-25604BDACCBF}.Release|Any CPU.ActiveCfg = Release|Any CPU
		{491DF820-671C-40E2-BF05-25604BDACCBF}.Release|Any CPU.Build.0 = Release|Any CPU
		{491DF820-671C-40E2-BF05-25604BDACCBF}.Release|x64.ActiveCfg = Release|Any CPU
		{491DF820-671C-40E2-BF05-25604BDACCBF}.Release|x64.Build.0 = Release|Any CPU
		{491DF820-671C-40E2-BF05-25604BDACCBF}.Release|x86.ActiveCfg = Release|Any CPU
		{491DF820-671C-40E2-BF05-25604BDACCBF}.Release|x86.Build.0 = Release|Any CPU
		{B9438ED8-0951-41E3-8136-A8F2DCC1475F}.Debug|Any CPU.ActiveCfg = Debug|Any CPU
		{B9438ED8-0951-41E3-8136-A8F2DCC1475F}.Debug|Any CPU.Build.0 = Debug|Any CPU
		{B9438ED8-0951-41E3-8136-A8F2DCC1475F}.Debug|x64.ActiveCfg = Debug|Any CPU
		{B9438ED8-0951-41E3-8136-A8F2DCC1475F}.Debug|x64.Build.0 = Debug|Any CPU
		{B9438ED8-0951-41E3-8136-A8F2DCC1475F}.Debug|x86.ActiveCfg = Debug|Any CPU
		{B9438ED8-0951-41E3-8136-A8F2DCC1475F}.Debug|x86.Build.0 = Debug|Any CPU
		{B9438ED8-0951-41E3-8136-A8F2DCC1475F}.Release|Any CPU.ActiveCfg = Release|Any CPU
		{B9438ED8-0951-41E3-8136-A8F2DCC1475F}.Release|Any CPU.Build.0 = Release|Any CPU
		{B9438ED8-0951-41E3-8136-A8F2DCC1475F}.Release|x64.ActiveCfg = Release|Any CPU
		{B9438ED8-0951-41E3-8136-A8F2DCC1475F}.Release|x64.Build.0 = Release|Any CPU
		{B9438ED8-0951-41E3-8136-A8F2DCC1475F}.Release|x86.ActiveCfg = Release|Any CPU
		{B9438ED8-0951-41E3-8136-A8F2DCC1475F}.Release|x86.Build.0 = Release|Any CPU
		{E360C9AD-4372-4E04-BA37-9A28A9C36E35}.Debug|Any CPU.ActiveCfg = Debug|Any CPU
		{E360C9AD-4372-4E04-BA37-9A28A9C36E35}.Debug|Any CPU.Build.0 = Debug|Any CPU
		{E360C9AD-4372-4E04-BA37-9A28A9C36E35}.Debug|x64.ActiveCfg = Debug|Any CPU
		{E360C9AD-4372-4E04-BA37-9A28A9C36E35}.Debug|x64.Build.0 = Debug|Any CPU
		{E360C9AD-4372-4E04-BA37-9A28A9C36E35}.Debug|x86.ActiveCfg = Debug|Any CPU
		{E360C9AD-4372-4E04-BA37-9A28A9C36E35}.Debug|x86.Build.0 = Debug|Any CPU
		{E360C9AD-4372-4E04-BA37-9A28A9C36E35}.Release|Any CPU.ActiveCfg = Release|Any CPU
		{E360C9AD-4372-4E04-BA37-9A28A9C36E35}.Release|Any CPU.Build.0 = Release|Any CPU
		{E360C9AD-4372-4E04-BA37-9A28A9C36E35}.Release|x64.ActiveCfg = Release|Any CPU
		{E360C9AD-4372-4E04-BA37-9A28A9C36E35}.Release|x64.Build.0 = Release|Any CPU
		{E360C9AD-4372-4E04-BA37-9A28A9C36E35}.Release|x86.ActiveCfg = Release|Any CPU
		{E360C9AD-4372-4E04-BA37-9A28A9C36E35}.Release|x86.Build.0 = Release|Any CPU
		{C11705B5-741B-4B36-88BF-18CD9338D1BA}.Debug|Any CPU.ActiveCfg = Debug|Any CPU
		{C11705B5-741B-4B36-88BF-18CD9338D1BA}.Debug|Any CPU.Build.0 = Debug|Any CPU
		{C11705B5-741B-4B36-88BF-18CD9338D1BA}.Debug|x64.ActiveCfg = Debug|Any CPU
		{C11705B5-741B-4B36-88BF-18CD9338D1BA}.Debug|x64.Build.0 = Debug|Any CPU
		{C11705B5-741B-4B36-88BF-18CD9338D1BA}.Debug|x86.ActiveCfg = Debug|Any CPU
		{C11705B5-741B-4B36-88BF-18CD9338D1BA}.Debug|x86.Build.0 = Debug|Any CPU
		{C11705B5-741B-4B36-88BF-18CD9338D1BA}.Release|Any CPU.ActiveCfg = Release|Any CPU
		{C11705B5-741B-4B36-88BF-18CD9338D1BA}.Release|Any CPU.Build.0 = Release|Any CPU
		{C11705B5-741B-4B36-88BF-18CD9338D1BA}.Release|x64.ActiveCfg = Release|Any CPU
		{C11705B5-741B-4B36-88BF-18CD9338D1BA}.Release|x64.Build.0 = Release|Any CPU
		{C11705B5-741B-4B36-88BF-18CD9338D1BA}.Release|x86.ActiveCfg = Release|Any CPU
		{C11705B5-741B-4B36-88BF-18CD9338D1BA}.Release|x86.Build.0 = Release|Any CPU
		{04B3A9DD-9DF1-4365-84FB-719D77B696D8}.Debug|Any CPU.ActiveCfg = Debug|Any CPU
		{04B3A9DD-9DF1-4365-84FB-719D77B696D8}.Debug|Any CPU.Build.0 = Debug|Any CPU
		{04B3A9DD-9DF1-4365-84FB-719D77B696D8}.Debug|x64.ActiveCfg = Debug|Any CPU
		{04B3A9DD-9DF1-4365-84FB-719D77B696D8}.Debug|x64.Build.0 = Debug|Any CPU
		{04B3A9DD-9DF1-4365-84FB-719D77B696D8}.Debug|x86.ActiveCfg = Debug|Any CPU
		{04B3A9DD-9DF1-4365-84FB-719D77B696D8}.Debug|x86.Build.0 = Debug|Any CPU
		{04B3A9DD-9DF1-4365-84FB-719D77B696D8}.Release|Any CPU.ActiveCfg = Release|Any CPU
		{04B3A9DD-9DF1-4365-84FB-719D77B696D8}.Release|Any CPU.Build.0 = Release|Any CPU
		{04B3A9DD-9DF1-4365-84FB-719D77B696D8}.Release|x64.ActiveCfg = Release|Any CPU
		{04B3A9DD-9DF1-4365-84FB-719D77B696D8}.Release|x64.Build.0 = Release|Any CPU
		{04B3A9DD-9DF1-4365-84FB-719D77B696D8}.Release|x86.ActiveCfg = Release|Any CPU
		{04B3A9DD-9DF1-4365-84FB-719D77B696D8}.Release|x86.Build.0 = Release|Any CPU
	EndGlobalSection
	GlobalSection(SolutionProperties) = preSolution
		HideSolutionNode = FALSE
	EndGlobalSection
	GlobalSection(NestedProjects) = preSolution
		{51D72B31-F08C-4C65-A005-A8E34F24585B} = {02EA681E-C7D8-13C7-8484-4AC65E1B71E8}
		{E94402B4-8C70-4CCA-94FF-46F58E3E62E2} = {02EA681E-C7D8-13C7-8484-4AC65E1B71E8}
		{20E1B535-4994-47B8-A0FB-F437CA01467A} = {02EA681E-C7D8-13C7-8484-4AC65E1B71E8}
		{32DBD37B-A693-460C-8E26-44D682FC236F} = {02EA681E-C7D8-13C7-8484-4AC65E1B71E8}
		{491DF820-671C-40E2-BF05-25604BDACCBF} = {02EA681E-C7D8-13C7-8484-4AC65E1B71E8}
		{B9438ED8-0951-41E3-8136-A8F2DCC1475F} = {02EA681E-C7D8-13C7-8484-4AC65E1B71E8}
		{E360C9AD-4372-4E04-BA37-9A28A9C36E35} = {02EA681E-C7D8-13C7-8484-4AC65E1B71E8}
		{C11705B5-741B-4B36-88BF-18CD9338D1BA} = {AC89F422-1D6C-43EB-B3F6-33EA9D012CD2}
		{04B3A9DD-9DF1-4365-84FB-719D77B696D8} = {02EA681E-C7D8-13C7-8484-4AC65E1B71E8}
	EndGlobalSection
	GlobalSection(ExtensibilityGlobals) = postSolution
		SolutionGuid = {4EEF060A-6A9A-4A73-8CB2-41CDC42F09BA}
	EndGlobalSection
EndGlobal
